lockfileVersion: '6.0'

settings:
  autoInstallPeers: true
  excludeLinksFromLockfile: false

dependencies:
  pino:
    specifier: ^9.0.0
    version: 9.14.0

devDependencies:
  '@anthropic-ai/sdk':
    specifier: ^0.91.1
    version: 0.91.1
  '@types/node':
    specifier: ^22.0.0
    version: 22.19.17
  openai:
    specifier: ^6.35.0
    version: 6.35.0
  typescript:
    specifier: ^5.8.0
    version: 5.9.3

packages:

  /@anthropic-ai/sdk@0.91.1:
    resolution: {integrity: sha512-LAmu761tSN9r66ixvmciswUj/ZC+1Q4iAfpedTfSVLeswRwnY3n2Nb6Tsk+cLPP28aLOPWeMgIuTuCcMC6W/iw==}
    hasBin: true
    peerDependencies:
      zod: ^3.25.0 || ^4.0.0
    peerDependenciesMeta:
      zod:
        optional: true
    dependencies:
      json-schema-to-ts: 3.1.1
    dev: true

  /@babel/runtime@7.29.2:
    resolution: {integrity: sha512-JiDShH45zKHWyGe4ZNVRrCjBz8Nh9TMmZG1kh4QTK8hCBTWBi8Da+i7s1fJw7/lYpM4ccepSNfqzZ/QvABBi5g==}
    engines: {node: '>=6.9.0'}
    dev: true

  /@pinojs/redact@0.4.0:
    resolution: {integrity: sha512-k2ENnmBugE/rzQfEcdWHcCY+/FM3VLzH9cYEsbdsoqrvzAKRhUZeRNhAZvB8OitQJ1TBed3yqWtdjzS6wJKBwg==}
    dev: false

  /@types/node@22.19.17:
    resolution: {integrity: sha512-wGdMcf+vPYM6jikpS/qhg6WiqSV/OhG+jeeHT/KlVqxYfD40iYJf9/AE1uQxVWFvU7MipKRkRv8NSHiCGgPr8Q==}
    dependencies:
      undici-types: 6.21.0
    dev: true

  /atomic-sleep@1.0.0:
    resolution: {integrity: sha512-kNOjDqAh7px0XWNI+4QbzoiR/nTkHAWNud2uvnJquD1/x5a7EQZMJT0AczqK0Qn67oY/TTQ1LbUKajZpp3I9tQ==}
    engines: {node: '>=8.0.0'}
    dev: false

  /json-schema-to-ts@3.1.1:
    resolution: {integrity: sha512-+DWg8jCJG2TEnpy7kOm/7/AxaYoaRbjVB4LFZLySZlWn8exGs3A4OLJR966cVvU26N7X9TWxl+Jsw7dzAqKT6g==}
    engines: {node: '>=16'}
    dependencies:
      '@babel/runtime': 7.29.2
      ts-algebra: 2.0.0
    dev: true

  /on-exit-leak-free@2.1.2:
    resolution: {integrity: sha512-0eJJY6hXLGf1udHwfNftBqH+g73EU4B504nZeKpz1sYRKafAghwxEJunB2O7rDZkL4PGfsMVnTXZ2EjibbqcsA==}
    engines: {node: '>=14.0.0'}
    dev: false

  /openai@6.35.0:
    resolution: {integrity: sha512-L/skwIGnt5xQZHb0UfTu9uAUKbis3ehKypOuJKi20QvG7UStV6C8IC3myGYHcdiF4kms/bAvOJ9UqqNWqi8x/Q==}
    hasBin: true
    peerDependencies:
      ws: ^8.18.0
      zod: ^3.25 || ^4.0
    peerDependenciesMeta:
      ws:
        optional: true
      zod:
        optional: true
    dev: true

  /pino-abstract-transport@2.0.0:
    resolution: {integrity: sha512-F63x5tizV6WCh4R6RHyi2Ml+M70DNRXt/+HANowMflpgGFMAym/VKm6G7ZOQRjqN7XbGxK1Lg9t6ZrtzOaivMw==}
    dependencies:
      split2: 4.2.0
    dev: false

  /pino-std-serializers@7.1.0:
    resolution: {integrity: sha512-BndPH67/JxGExRgiX1dX0w1FvZck5Wa4aal9198SrRhZjH3GxKQUKIBnYJTdj2HDN3UQAS06HlfcSbQj2OHmaw==}
    dev: false

  /pino@9.14.0:
    resolution: {integrity: sha512-8OEwKp5juEvb/MjpIc4hjqfgCNysrS94RIOMXYvpYCdm/jglrKEiAYmiumbmGhCvs+IcInsphYDFwqrjr7398w==}
    hasBin: true
    dependencies:
      '@pinojs/redact': 0.4.0
      atomic-sleep: 1.0.0
      on-exit-leak-free: 2.1.2
      pino-abstract-transport: 2.0.0
      pino-std-serializers: 7.1.0
      process-warning: 5.0.0
      quick-format-unescaped: 4.0.4
      real-require: 0.2.0
      safe-stable-stringify: 2.5.0
      sonic-boom: 4.2.1
      thread-stream: 3.1.0
    dev: false

  /process-warning@5.0.0:
    resolution: {integrity: sha512-a39t9ApHNx2L4+HBnQKqxxHNs1r7KF+Intd8Q/g1bUh6q0WIp9voPXJ/x0j+ZL45KF1pJd9+q2jLIRMfvEshkA==}
    dev: false

  /quick-format-unescaped@4.0.4:
    resolution: {integrity: sha512-tYC1Q1hgyRuHgloV/YXs2w15unPVh8qfu/qCTfhTYamaw7fyhumKa2yGpdSo87vY32rIclj+4fWYQXUMs9EHvg==}
    dev: false

  /real-require@0.2.0:
    resolution: {integrity: sha512-57frrGM/OCTLqLOAh0mhVA9VBMHd+9U7Zb2THMGdBUoZVOtGbJzjxsYGDJ3A9AYYCP4hn6y1TVbaOfzWtm5GFg==}
    engines: {node: '>= 12.13.0'}
    dev: false

  /safe-stable-stringify@2.5.0:
    resolution: {integrity: sha512-b3rppTKm9T+PsVCBEOUR46GWI7fdOs00VKZ1+9c1EWDaDMvjQc6tUwuFyIprgGgTcWoVHSKrU8H31ZHA2e0RHA==}
    engines: {node: '>=10'}
    dev: false

  /sonic-boom@4.2.1:
    resolution: {integrity: sha512-w6AxtubXa2wTXAUsZMMWERrsIRAdrK0Sc+FUytWvYAhBJLyuI4llrMIC1DtlNSdI99EI86KZum2MMq3EAZlF9Q==}
    dependencies:
      atomic-sleep: 1.0.0
    dev: false

  /split2@4.2.0:
    resolution: {integrity: sha512-UcjcJOWknrNkF6PLX83qcHM6KHgVKNkV62Y8a5uYDVv9ydGQVwAHMKqHdJje1VTWpljG0WYpCDhrCdAOYH4TWg==}
    engines: {node: '>= 10.x'}
    dev: false

  /thread-stream@3.1.0:
    resolution: {integrity: sha512-OqyPZ9u96VohAyMfJykzmivOrY2wfMSf3C5TtFJVgN+Hm6aj+voFhlK+kZEIv2FBh1X6Xp3DlnCOfEQ3B2J86A==}
    dependencies:
      real-require: 0.2.0
    dev: false

  /ts-algebra@2.0.0:
    resolution: {integrity: sha512-FPAhNPFMrkwz76P7cdjdmiShwMynZYN6SgOujD1urY4oNm80Ou9oMdmbR45LotcKOXoy7wSmHkRFE6Mxbrhefw==}
    dev: true

  /typescript@5.9.3:
    resolution: {integrity: sha512-jl1vZzPDinLr9eUt3J/t7V6FgNEw9QjvBPdysz9KfQDD41fQrC2Y4vKQdiaUpFT4bXlb1RHhLpp8wtm6M5TgSw==}
    engines: {node: '>=14.17'}
    hasBin: true
    dev: true

  /undici-types@6.21.0:
    resolution: {integrity: sha512-iwDZqg0QAGrg9Rav5H4n0M64c3mkR59cJ6wQp+7C4nI0gsmExaedaYLNO44eT4AtBBwjbTiGPMlt2Md0T9H9JQ==}
    dev: true
